
Microsoft Visual Studio Solution File, Format Version 12.00
# Visual Studio Version 17
VisualStudioVersion = 17.13.35931.197
MinimumVisualStudioVersion = 10.0.40219.1
Project("{FAE04EC0-301F-11D3-BF4B-00C04F79EFBC}") = "Heimdallhash", "Heimdallhash\Heimdallhash.csproj", "{33126FB9-E272-4EFD-8D8D-EAD4C9FBE0A8}"
EndProject
Project("{FAE04EC0-301F-11D3-BF4B-00C04F79EFBC}") = "HeimdallhashConfigurator", "HeimdallhashConfigurator\HeimdallhashConfigurator.csproj", "{78CA5764-AF4D-4067-87B0-D1026F0CC81D}"
EndProject
Global
	GlobalSection(SolutionConfigurationPlatforms) = preSolution
		Debug|Any CPU = Debug|Any CPU
		Release|Any CPU = Release|Any CPU
	EndGlobalSection
	GlobalSection(ProjectConfigurationPlatforms) = postSolution
		{33126FB9-E272-4EFD-8D8D-EAD4C9FBE0A8}.Debug|Any CPU.ActiveCfg = Debug|Any CPU
		{33126FB9-E272-4EFD-8D8D-EAD4C9FBE0A8}.Debug|Any CPU.Build.0 = Debug|Any CPU
		{33126FB9-E272-4EFD-8D8D-EAD4C9FBE0A8}.Release|Any CPU.ActiveCfg = Release|Any CPU
		{33126FB9-E272-4EFD-8D8D-EAD4C9FBE0A8}.Release|Any CPU.Build.0 = Release|Any CPU
		{78CA5764-AF4D-4067-87B0-D1026F0CC81D}.Debug|Any CPU.ActiveCfg = Debug|Any CPU
		{78CA5764-AF4D-4067-87B0-D1026F0CC81D}.Debug|Any CPU.Build.0 = Debug|Any CPU
		{78CA5764-AF4D-4067-87B0-D1026F0CC81D}.Release|Any CPU.ActiveCfg = Release|Any CPU
		{78CA5764-AF4D-4067-87B0-D1026F0CC81D}.Release|Any CPU.Build.0 = Release|Any CPU
	EndGlobalSection
	GlobalSection(SolutionProperties) = preSolution
		HideSolutionNode = FALSE
	EndGlobalSection
	GlobalSection(ExtensibilityGlobals) = postSolution
		SolutionGuid = {03913486-D599-4A2D-97B5-6354F0C376EF}
	EndGlobalSection
EndGlobal
